// !$*UTF8*$!
{
	archiveVersion = 1;
	classes = {
	};
	objectVersion = 56;
	objects = {

/* Begin PBXBuildFile section */
		E810E1822C255B3E0014BAAD /* TexturePlayWorker.c in Sources */ = {isa = PBXBuildFile; fileRef = E810E17D2C255B3E0014BAAD /* TexturePlayWorker.c */; };
		E810E1832C255B3E0014BAAD /* AudioPlayWorker.c in Sources */ = {isa = PBXBuildFile; fileRef = E810E17E2C255B3E0014BAAD /* AudioPlayWorker.c */; };
		E810E1842C255B3E0014BAAD /* VideoFileDecoder.c in Sources */ = {isa = PBXBuildFile; fileRef = E810E1802C255B3E0014BAAD /* VideoFileDecoder.c */; };
		E8B2A6142C0F509D00C0681E /* main.c in Sources */ = {isa = PBXBuildFile; fileRef = E8B2A6132C0F509D00C0681E /* main.c */; };
		E8B2A61C2C0F536700C0681E /* libSDL2.a in Frameworks */ = {isa = PBXBuildFile; fileRef = E8B2A61B2C0F536700C0681E /* libSDL2.a */; };
		E8D1D9082C114AAE00698B1E /* libavcodec.a in Frameworks */ = {isa = PBXBuildFile; fileRef = E8D1D9072C114AAE00698B1E /* libavcodec.a */; };
		E8D1D90A2C114AB200698B1E /* libavformat.a in Frameworks */ = {isa = PBXBuildFile; fileRef = E8D1D9092C114AB200698B1E /* libavformat.a */; };
		E8D1D90C2C114AB600698B1E /* libavutil.a in Frameworks */ = {isa = PBXBuildFile; fileRef = E8D1D90B2C114AB600698B1E /* libavutil.a */; };
		E8D1D90E2C114ABE00698B1E /* libswscale.a in Frameworks */ = {isa = PBXBuildFile; fileRef = E8D1D90D2C114ABE00698B1E /* libswscale.a */; };
		E8D1D91F2C12EEF000698B1E /* libswresample.a in Frameworks */ = {isa = PBXBuildFile; fileRef = E8D1D91E2C12EEF000698B1E /* libswresample.a */; };
/* End PBXBuildFile section */

/* Begin PBXCopyFilesBuildPhase section */
		E8B2A60E2C0F509D00C0681E /* CopyFiles */ = {
			isa = PBXCopyFilesBuildPhase;
			buildActionMask = 2147483647;
			dstPath = /usr/share/man/man1/;
			dstSubfolderSpec = 0;
			files = (
			);
			runOnlyForDeploymentPostprocessing = 1;
		};
/* End PBXCopyFilesBuildPhase section */

/* Begin PBXFileReference section */
		E810E17C2C255B3E0014BAAD /* AudioPlayWorker.h */ = {isa = PBXFileReference; fileEncoding = 4; lastKnownFileType = sourcecode.c.h; path = AudioPlayWorker.h; sourceTree = "<group>"; };
		E810E17D2C255B3E0014BAAD /* TexturePlayWorker.c */ = {isa = PBXFileReference; fileEncoding = 4; lastKnownFileType = sourcecode.c.c; path = TexturePlayWorker.c; sourceTree = "<group>"; };
		E810E17E2C255B3E0014BAAD /* AudioPlayWorker.c */ = {isa = PBXFileReference; fileEncoding = 4; lastKnownFileType = sourcecode.c.c; path = AudioPlayWorker.c; sourceTree = "<group>"; };
		E810E17F2C255B3E0014BAAD /* TexturePlayWorker.h */ = {isa = PBXFileReference; fileEncoding = 4; lastKnownFileType = sourcecode.c.h; path = TexturePlayWorker.h; sourceTree = "<group>"; };
		E810E1802C255B3E0014BAAD /* VideoFileDecoder.c */ = {isa = PBXFileReference; fileEncoding = 4; lastKnownFileType = sourcecode.c.c; path = VideoFileDecoder.c; sourceTree = "<group>"; };
		E810E1812C255B3E0014BAAD /* VideoFileDecoder.h */ = {isa = PBXFileReference; fileEncoding = 4; lastKnownFileType = sourcecode.c.h; path = VideoFileDecoder.h; sourceTree = "<group>"; };
		E8B2A6102C0F509D00C0681E /* SDL2Demo */ = {isa = PBXFileReference; explicitFileType = "compiled.mach-o.executable"; includeInIndex = 0; path = SDL2Demo; sourceTree = BUILT_PRODUCTS_DIR; };
		E8B2A6132C0F509D00C0681E /* main.c */ = {isa = PBXFileReference; lastKnownFileType = sourcecode.c.c; path = main.c; sourceTree = "<group>"; };
		E8B2A61B2C0F536700C0681E /* libSDL2.a */ = {isa = PBXFileReference; lastKnownFileType = archive.ar; name = libSDL2.a; path = ../../../../opt/homebrew/Cellar/sdl2/2.30.3/lib/libSDL2.a; sourceTree = "<group>"; };
		E8D1D9072C114AAE00698B1E /* libavcodec.a */ = {isa = PBXFileReference; lastKnownFileType = archive.ar; name = libavcodec.a; path = ../../../../opt/homebrew/Cellar/ffmpeg/7.0.1/lib/libavcodec.a; sourceTree = "<group>"; };
		E8D1D9092C114AB200698B1E /* libavformat.a */ = {isa = PBXFileReference; lastKnownFileType = archive.ar; name = libavformat.a; path = ../../../../opt/homebrew/Cellar/ffmpeg/7.0.1/lib/libavformat.a; sourceTree = "<group>"; };
		E8D1D90B2C114AB600698B1E /* libavutil.a */ = {isa = PBXFileReference; lastKnownFileType = archive.ar; name = libavutil.a; path = ../../../../opt/homebrew/Cellar/ffmpeg/7.0.1/lib/libavutil.a; sourceTree = "<group>"; };
		E8D1D90D2C114ABE00698B1E /* libswscale.a */ = {isa = PBXFileReference; lastKnownFileType = archive.ar; name = libswscale.a; path = ../../../../opt/homebrew/Cellar/ffmpeg/7.0.1/lib/libswscale.a; sourceTree = "<group>"; };
		E8D1D91E2C12EEF000698B1E /* libswresample.a */ = {isa = PBXFileReference; lastKnownFileType = archive.ar; name = libswresample.a; path = ../../../../opt/homebrew/Cellar/ffmpeg/7.0.1/lib/libswresample.a; sourceTree = "<group>"; };
/* End PBXFileReference section */

/* Begin PBXFrameworksBuildPhase section */
		E8B2A60D2C0F509D00C0681E /* Frameworks */ = {
			isa = PBXFrameworksBuildPhase;
			buildActionMask = 2147483647;
			files = (
				E8B2A61C2C0F536700C0681E /* libSDL2.a in Frameworks */,
				E8D1D9082C114AAE00698B1E /* libavcodec.a in Frameworks */,
				E8D1D90A2C114AB200698B1E /* libavformat.a in Frameworks */,
				E8D1D90C2C114AB600698B1E /* libavutil.a in Frameworks */,
				E8D1D90E2C114ABE00698B1E /* libswscale.a in Frameworks */,
				E8D1D91F2C12EEF000698B1E /* libswresample.a in Frameworks */,
			);
			runOnlyForDeploymentPostprocessing = 0;
		};
/* End PBXFrameworksBuildPhase section */

/* Begin PBXGroup section */
		E8B2A6072C0F509D00C0681E = {
			isa = PBXGroup;
			children = (
				E8B2A6122C0F509D00C0681E /* SDL2Demo */,
				E8B2A6112C0F509D00C0681E /* Products */,
				E8B2A61A2C0F536700C0681E /* Frameworks */,
			);
			sourceTree = "<group>";
		};
		E8B2A6112C0F509D00C0681E /* Products */ = {
			isa = PBXGroup;
			children = (
				E8B2A6102C0F509D00C0681E /* SDL2Demo */,
			);
			name = Products;
			sourceTree = "<group>";
		};
		E8B2A6122C0F509D00C0681E /* SDL2Demo */ = {
			isa = PBXGroup;
			children = (
				E8B2A6132C0F509D00C0681E /* main.c */,
				E810E1812C255B3E0014BAAD /* VideoFileDecoder.h */,
				E810E1802C255B3E0014BAAD /* VideoFileDecoder.c */,
				E810E17C2C255B3E0014BAAD /* AudioPlayWorker.h */,
				E810E17E2C255B3E0014BAAD /* AudioPlayWorker.c */,
				E810E17F2C255B3E0014BAAD /* TexturePlayWorker.h */,
				E810E17D2C255B3E0014BAAD /* TexturePlayWorker.c */,
			);
			path = SDL2Demo;
			sourceTree = "<group>";
		};
		E8B2A61A2C0F536700C0681E /* Frameworks */ = {
			isa = PBXGroup;
			children = (
				E8D1D91E2C12EEF000698B1E /* libswresample.a */,
				E8D1D90D2C114ABE00698B1E /* libswscale.a */,
				E8D1D90B2C114AB600698B1E /* libavutil.a */,
				E8D1D9092C114AB200698B1E /* libavformat.a */,
				E8D1D9072C114AAE00698B1E /* libavcodec.a */,
				E8B2A61B2C0F536700C0681E /* libSDL2.a */,
			);
			name = Frameworks;
			sourceTree = "<group>";
		};
/* End PBXGroup section */

/* Begin PBXNativeTarget section */
		E8B2A60F2C0F509D00C0681E /* SDL2Demo */ = {
			isa = PBXNativeTarget;
			buildConfigurationList = E8B2A6172C0F509D00C0681E /* Build configuration list for PBXNativeTarget "SDL2Demo" */;
			buildPhases = (
				E8B2A60C2C0F509D00C0681E /* Sources */,
				E8B2A60D2C0F509D00C0681E /* Frameworks */,
				E8B2A60E2C0F509D00C0681E /* CopyFiles */,
			);
			buildRules = (
			);
			dependencies = (
			);
			name = SDL2Demo;
			productName = SDL2Demo;
			productReference = E8B2A6102C0F509D00C0681E /* SDL2Demo */;
			productType = "com.apple.product-type.tool";
		};
/* End PBXNativeTarget section */

/* Begin PBXProject section */
		E8B2A6082C0F509D00C0681E /* Project object */ = {
			isa = PBXProject;
			attributes = {
				BuildIndependentTargetsInParallel = 1;
				LastUpgradeCheck = 1530;
				TargetAttributes = {
					E8B2A60F2C0F509D00C0681E = {
						CreatedOnToolsVersion = 15.3;
					};
				};
			};
			buildConfigurationList = E8B2A60B2C0F509D00C0681E /* Build configuration list for PBXProject "SDL2Demo" */;
			compatibilityVersion = "Xcode 14.0";
			developmentRegion = en;
			hasScannedForEncodings = 0;
			knownRegions = (
				en,
				Base,
			);
			mainGroup = E8B2A6072C0F509D00C0681E;
			productRefGroup = E8B2A6112C0F509D00C0681E /* Products */;
			projectDirPath = "";
			projectRoot = "";
			targets = (
				E8B2A60F2C0F509D00C0681E /* SDL2Demo */,
			);
		};
/* End PBXProject section */

/* Begin PBXSourcesBuildPhase section */
		E8B2A60C2C0F509D00C0681E /* Sources */ = {
			isa = PBXSourcesBuildPhase;
			buildActionMask = 2147483647;
			files = (
				E810E1842C255B3E0014BAAD /* VideoFileDecoder.c in Sources */,
				E8B2A6142C0F509D00C0681E /* main.c in Sources */,
				E810E1822C255B3E0014BAAD /* TexturePlayWorker.c in Sources */,
				E810E1832C255B3E0014BAAD /* AudioPlayWorker.c in Sources */,
			);
			runOnlyForDeploymentPostprocessing = 0;
		};
/* End PBXSourcesBuildPhase section */

/* Begin XCBuildConfiguration section */
		E8B2A6152C0F509D00C0681E /* Debug */ = {
			isa = XCBuildConfiguration;
			buildSettings = {
				ALWAYS_SEARCH_USER_PATHS = NO;
				ASSETCATALOG_COMPILER_GENERATE_SWIFT_ASSET_SYMBOL_EXTENSIONS = YES;
				CLANG_ANALYZER_NONNULL = YES;
				CLANG_ANALYZER_NUMBER_OBJECT_CONVERSION = YES_AGGRESSIVE;
				CLANG_CXX_LANGUAGE_STANDARD = "gnu++20";
				CLANG_ENABLE_MODULES = YES;
				CLANG_ENABLE_OBJC_ARC = YES;
				CLANG_ENABLE_OBJC_WEAK = YES;
				CLANG_WARN_BLOCK_CAPTURE_AUTORELEASING = YES;
				CLANG_WARN_BOOL_CONVERSION = YES;
				CLANG_WARN_COMMA = YES;
				CLANG_WARN_CONSTANT_CONVERSION = YES;
				CLANG_WARN_DEPRECATED_OBJC_IMPLEMENTATIONS = YES;
				CLANG_WARN_DIRECT_OBJC_ISA_USAGE = YES_ERROR;
				CLANG_WARN_DOCUMENTATION_COMMENTS = YES;
				CLANG_WARN_EMPTY_BODY = YES;
				CLANG_WARN_ENUM_CONVERSION = YES;
				CLANG_WARN_INFINITE_RECURSION = YES;
				CLANG_WARN_INT_CONVERSION = YES;
				CLANG_WARN_NON_LITERAL_NULL_CONVERSION = YES;
				CLANG_WARN_OBJC_IMPLICIT_RETAIN_SELF = YES;
				CLANG_WARN_OBJC_LITERAL_CONVERSION = YES;
				CLANG_WARN_OBJC_ROOT_CLASS = YES_ERROR;
				CLANG_WARN_QUOTED_INCLUDE_IN_FRAMEWORK_HEADER = YES;
				CLANG_WARN_RANGE_LOOP_ANALYSIS = YES;
				CLANG_WARN_STRICT_PROTOTYPES = YES;
				CLANG_WARN_SUSPICIOUS_MOVE = YES;
				CLANG_WARN_UNGUARDED_AVAILABILITY = YES_AGGRESSIVE;
				CLANG_WARN_UNREACHABLE_CODE = YES;
				CLANG_WARN__DUPLICATE_METHOD_MATCH = YES;
				COPY_PHASE_STRIP = NO;
				DEBUG_INFORMATION_FORMAT = dwarf;
				ENABLE_STRICT_OBJC_MSGSEND = YES;
				ENABLE_TESTABILITY = YES;
				ENABLE_USER_SCRIPT_SANDBOXING = YES;
				GCC_C_LANGUAGE_STANDARD = gnu17;
				GCC_DYNAMIC_NO_PIC = NO;
				GCC_NO_COMMON_BLOCKS = YES;
				GCC_OPTIMIZATION_LEVEL = 0;
				GCC_PREPROCESSOR_DEFINITIONS = (
					"DEBUG=1",
					"$(inherited)",
				);
				GCC_WARN_64_TO_32_BIT_CONVERSION = YES;
				GCC_WARN_ABOUT_RETURN_TYPE = YES_ERROR;
				GCC_WARN_UNDECLARED_SELECTOR = YES;
				GCC_WARN_UNINITIALIZED_AUTOS = YES_AGGRESSIVE;
				GCC_WARN_UNUSED_FUNCTION = YES;
				GCC_WARN_UNUSED_VARIABLE = YES;
				LOCALIZATION_PREFERS_STRING_CATALOGS = YES;
				MACOSX_DEPLOYMENT_TARGET = 14.4;
				MTL_ENABLE_DEBUG_INFO = INCLUDE_SOURCE;
				MTL_FAST_MATH = YES;
				ONLY_ACTIVE_ARCH = YES;
				SDKROOT = macosx;
			};
			name = Debug;
		};
		E8B2A6162C0F509D00C0681E /* Release */ = {
			isa = XCBuildConfiguration;
			buildSettings = {
				ALWAYS_SEARCH_USER_PATHS = NO;
				ASSETCATALOG_COMPILER_GENERATE_SWIFT_ASSET_SYMBOL_EXTENSIONS = YES;
				CLANG_ANALYZER_NONNULL = YES;
				CLANG_ANALYZER_NUMBER_OBJECT_CONVERSION = YES_AGGRESSIVE;
				CLANG_CXX_LANGUAGE_STANDARD = "gnu++20";
				CLANG_ENABLE_MODULES = YES;
				CLANG_ENABLE_OBJC_ARC = YES;
				CLANG_ENABLE_OBJC_WEAK = YES;
				CLANG_WARN_BLOCK_CAPTURE_AUTORELEASING = YES;
				CLANG_WARN_BOOL_CONVERSION = YES;
				CLANG_WARN_COMMA = YES;
				CLANG_WARN_CONSTANT_CONVERSION = YES;
				CLANG_WARN_DEPRECATED_OBJC_IMPLEMENTATIONS = YES;
				CLANG_WARN_DIRECT_OBJC_ISA_USAGE = YES_ERROR;
				CLANG_WARN_DOCUMENTATION_COMMENTS = YES;
				CLANG_WARN_EMPTY_BODY = YES;
				CLANG_WARN_ENUM_CONVERSION = YES;
				CLANG_WARN_INFINITE_RECURSION = YES;
				CLANG_WARN_INT_CONVERSION = YES;
				CLANG_WARN_NON_LITERAL_NULL_CONVERSION = YES;
				CLANG_WARN_OBJC_IMPLICIT_RETAIN_SELF = YES;
				CLANG_WARN_OBJC_LITERAL_CONVERSION = YES;
				CLANG_WARN_OBJC_ROOT_CLASS = YES_ERROR;
				CLANG_WARN_QUOTED_INCLUDE_IN_FRAMEWORK_HEADER = YES;
				CLANG_WARN_RANGE_LOOP_ANALYSIS = YES;
				CLANG_WARN_STRICT_PROTOTYPES = YES;
				CLANG_WARN_SUSPICIOUS_MOVE = YES;
				CLANG_WARN_UNGUARDED_AVAILABILITY = YES_AGGRESSIVE;
				CLANG_WARN_UNREACHABLE_CODE = YES;
				CLANG_WARN__DUPLICATE_METHOD_MATCH = YES;
				COPY_PHASE_STRIP = NO;
				DEBUG_INFORMATION_FORMAT = "dwarf-with-dsym";
				ENABLE_NS_ASSERTIONS = NO;
				ENABLE_STRICT_OBJC_MSGSEND = YES;
				ENABLE_USER_SCRIPT_SANDBOXING = YES;
				GCC_C_LANGUAGE_STANDARD = gnu17;
				GCC_NO_COMMON_BLOCKS = YES;
				GCC_WARN_64_TO_32_BIT_CONVERSION = YES;
				GCC_WARN_ABOUT_RETURN_TYPE = YES_ERROR;
				GCC_WARN_UNDECLARED_SELECTOR = YES;
				GCC_WARN_UNINITIALIZED_AUTOS = YES_AGGRESSIVE;
				GCC_WARN_UNUSED_FUNCTION = YES;
				GCC_WARN_UNUSED_VARIABLE = YES;
				LOCALIZATION_PREFERS_STRING_CATALOGS = YES;
				MACOSX_DEPLOYMENT_TARGET = 14.4;
				MTL_ENABLE_DEBUG_INFO = NO;
				MTL_FAST_MATH = YES;
				SDKROOT = macosx;
			};
			name = Release;
		};
		E8B2A6182C0F509D00C0681E /* Debug */ = {
			isa = XCBuildConfiguration;
			buildSettings = {
				CLANG_CXX_LANGUAGE_STANDARD = "gnu++0x";
				CODE_SIGN_STYLE = Automatic;
				GCC_C_LANGUAGE_STANDARD = c99;
				HEADER_SEARCH_PATHS = (
					"/opt/homebrew/Cellar/sdl2/**",
					"/opt/homebrew/Cellar/ffmpeg/**",
				);
				LIBRARY_SEARCH_PATHS = (
					"$(inherited)",
					/opt/homebrew/Cellar/sdl2/2.30.3/lib,
					/opt/homebrew/Cellar/ffmpeg/7.0.1/lib,
				);
				PRODUCT_NAME = "$(TARGET_NAME)";
			};
			name = Debug;
		};
		E8B2A6192C0F509D00C0681E /* Release */ = {
			isa = XCBuildConfiguration;
			buildSettings = {
				CLANG_CXX_LANGUAGE_STANDARD = "gnu++0x";
				CODE_SIGN_STYLE = Automatic;
				GCC_C_LANGUAGE_STANDARD = c99;
				HEADER_SEARCH_PATHS = (
					"/opt/homebrew/Cellar/sdl2/**",
					"/opt/homebrew/Cellar/ffmpeg/**",
				);
				LIBRARY_SEARCH_PATHS = (
					"$(inherited)",
					/opt/homebrew/Cellar/sdl2/2.30.3/lib,
					/opt/homebrew/Cellar/ffmpeg/7.0.1/lib,
				);
				PRODUCT_NAME = "$(TARGET_NAME)";
			};
			name = Release;
		};
/* End XCBuildConfiguration section */

/* Begin XCConfigurationList section */
		E8B2A60B2C0F509D00C0681E /* Build configuration list for PBXProject "SDL2Demo" */ = {
			isa = XCConfigurationList;
			buildConfigurations = (
				E8B2A6152C0F509D00C0681E /* Debug */,
				E8B2A6162C0F509D00C0681E /* Release */,
			);
			defaultConfigurationIsVisible = 0;
			defaultConfigurationName = Release;
		};
		E8B2A6172C0F509D00C0681E /* Build configuration list for PBXNativeTarget "SDL2Demo" */ = {
			isa = XCConfigurationList;
			buildConfigurations = (
				E8B2A6182C0F509D00C0681E /* Debug */,
				E8B2A6192C0F509D00C0681E /* Release */,
			);
			defaultConfigurationIsVisible = 0;
			defaultConfigurationName = Release;
		};
/* End XCConfigurationList section */
	};
	rootObject = E8B2A6082C0F509D00C0681E /* Project object */;
}
